Microsoft Visual Studio Solution File, Format Version 12.00
# Visual Studio 15
VisualStudioVersion = 15.0.26929.4002
MinimumVisualStudioVersion = 15.0.26124.0
Project("{2150E333-8FDC-42A3-9474-1A3956D46DE8}") = "src", "src", "{C0D0BC9F-0F15-40B0-AB48-AD91FDFCE9CD}"
EndProject
Project("{2150E333-8FDC-42A3-9474-1A3956D46DE8}") = "Microsoft.DotNet.Web.ProjectTemplates.1.x", "Microsoft.DotNet.Web.ProjectTemplates.1.x", "{5C485B98-E57D-4F1D-9D25-F17777296F48}"
EndProject
Project("{2150E333-8FDC-42A3-9474-1A3956D46DE8}") = "content", "content", "{E4C6A84E-9EF9-4C7F-AF47-E511C570B28F}"
EndProject
Project("{6EC3EE1D-3C4E-46DD-8F32-0CC8E7565705}") = "Company.WebApplication1", "src\Microsoft.DotNet.Web.ProjectTemplates.1.x\content\EmptyWeb-FSharp\Company.WebApplication1.fsproj", "{3E334A45-28C4-4FFE-AA75-ED32D7BED335}"
EndProject
Project("{6EC3EE1D-3C4E-46DD-8F32-0CC8E7565705}") = "Company.WebApplication1", "src\Microsoft.DotNet.Web.ProjectTemplates.1.x\content\StarterWeb-FSharp\Company.WebApplication1.fsproj", "{139542F9-DEE0-4968-BFB3-E0130257174D}"
EndProject
Project("{6EC3EE1D-3C4E-46DD-8F32-0CC8E7565705}") = "Company.WebApplication1", "src\Microsoft.DotNet.Web.ProjectTemplates.1.x\content\WebApi-FSharp\Company.WebApplication1.fsproj", "{CDC332BF-12B5-4087-93E9-687918324386}"
EndProject
Project("{2150E333-8FDC-42A3-9474-1A3956D46DE8}") = "Microsoft.DotNet.Web.ProjectTemplates.2.0", "Microsoft.DotNet.Web.ProjectTemplates.2.0", "{D384F054-1830-407C-BFBB-242DBCB6907F}"
EndProject
Project("{2150E333-8FDC-42A3-9474-1A3956D46DE8}") = "content", "content", "{CABA8A16-ABA9-4823-A976-987256527072}"
EndProject
Project("{6EC3EE1D-3C4E-46DD-8F32-0CC8E7565705}") = "Company.WebApplication1", "src\Microsoft.DotNet.Web.ProjectTemplates.2.0\content\EmptyWeb-FSharp\Company.WebApplication1.fsproj", "{4AFF0F94-1FD2-470F-B4EE-69377FA3157B}"
EndProject
Project("{6EC3EE1D-3C4E-46DD-8F32-0CC8E7565705}") = "Company.WebApplication1", "src\Microsoft.DotNet.Web.ProjectTemplates.2.0\content\StarterWeb-FSharp\Company.WebApplication1.fsproj", "{5FECB5DB-30FF-4987-81A1-5AF9D1498B12}"
EndProject
Project("{6EC3EE1D-3C4E-46DD-8F32-0CC8E7565705}") = "Company.WebApplication1", "src\Microsoft.DotNet.Web.ProjectTemplates.2.0\content\WebApi-FSharp\Company.WebApplication1.fsproj", "{30C34263-C0A6-4748-BBA8-13E00549AD9A}"
EndProject
Project("{2150E333-8FDC-42A3-9474-1A3956D46DE8}") = "Microsoft.AspNetCore.SpaTemplates", "Microsoft.AspNetCore.SpaTemplates", "{B5DE9B6E-1D36-4F4D-B688-0608DCFA5304}"
EndProject
Project("{2150E333-8FDC-42A3-9474-1A3956D46DE8}") = "content", "content", "{1165550F-D3FE-4A89-AE9B-110916C9386B}"
EndProject
Project("{FAE04EC0-301F-11D3-BF4B-00C04F79EFBC}") = "AureliaSpa", "src\Microsoft.AspNetCore.SpaTemplates\content\Aurelia-CSharp\AureliaSpa.csproj", "{5D90DED7-161B-4868-AA3F-86C4BCD9A464}"
EndProject
Project("{FAE04EC0-301F-11D3-BF4B-00C04F79EFBC}") = "KnockoutSpa", "src\Microsoft.AspNetCore.SpaTemplates\content\Knockout-CSharp\KnockoutSpa.csproj", "{14BED182-D184-4EB7-A50B-BDBC281DDBCB}"
EndProject
Project("{FAE04EC0-301F-11D3-BF4B-00C04F79EFBC}") = "VueSpa", "src\Microsoft.AspNetCore.SpaTemplates\content\Vue-CSharp\VueSpa.csproj", "{055C6573-65A9-4EE7-9B59-134E6EFD0622}"
EndProject
Project("{FAE04EC0-301F-11D3-BF4B-00C04F79EFBC}") = "Company.WebApplication1", "src\Microsoft.DotNet.Web.ProjectTemplates.1.x\content\EmptyWeb-CSharp\Company.WebApplication1.csproj", "{E1084580-178A-4D0F-8D9D-F1C3DEA2E89E}"
EndProject
Project("{FAE04EC0-301F-11D3-BF4B-00C04F79EFBC}") = "Company.WebApplication1", "src\Microsoft.DotNet.Web.ProjectTemplates.1.x\content\StarterWeb-CSharp\Company.WebApplication1.csproj", "{F875331F-7B37-456E-9106-A40D3A662E42}"
EndProject
Project("{FAE04EC0-301F-11D3-BF4B-00C04F79EFBC}") = "Company.WebApplication1", "src\Microsoft.DotNet.Web.ProjectTemplates.1.x\content\WebApi-CSharp\Company.WebApplication1.csproj", "{1C667382-9097-435D-8F64-AAA29D4EECD9}"
EndProject
Project("{FAE04EC0-301F-11D3-BF4B-00C04F79EFBC}") = "Company.WebApplication1", "src\Microsoft.DotNet.Web.ProjectTemplates.2.0\content\EmptyWeb-CSharp\Company.WebApplication1.csproj", "{7BC09718-F5E2-46EC-8C26-758306BF0E24}"
EndProject
Project("{FAE04EC0-301F-11D3-BF4B-00C04F79EFBC}") = "Company.WebApplication1", "src\Microsoft.DotNet.Web.ProjectTemplates.2.0\content\RazorPagesWeb-CSharp\Company.WebApplication1.csproj", "{ADADFBF8-1996-482C-83B3-8FE7A5BAFCF1}"
EndProject
Project("{FAE04EC0-301F-11D3-BF4B-00C04F79EFBC}") = "Company.WebApplication1", "src\Microsoft.DotNet.Web.ProjectTemplates.2.0\content\StarterWeb-CSharp\Company.WebApplication1.csproj", "{72CA4224-0338-412A-8437-4ADEFC4D466B}"
EndProject
Project("{FAE04EC0-301F-11D3-BF4B-00C04F79EFBC}") = "Company.WebApplication1", "src\Microsoft.DotNet.Web.ProjectTemplates.2.0\content\WebApi-CSharp\Company.WebApplication1.csproj", "{A443F6E1-3266-47AD-893D-2091203C9DEB}"
EndProject
Project("{2150E333-8FDC-42A3-9474-1A3956D46DE8}") = "Microsoft.DotNet.Web.Spa.ProjectTemplates", "Microsoft.DotNet.Web.Spa.ProjectTemplates", "{579B335A-920E-4C9E-ACC8-65844884F63A}"
EndProject
Project("{2150E333-8FDC-42A3-9474-1A3956D46DE8}") = "content", "content", "{77405A1A-9959-4EFC-AA95-248C66265022}"
EndProject
Project("{FAE04EC0-301F-11D3-BF4B-00C04F79EFBC}") = "AngularSpa", "src\Microsoft.DotNet.Web.Spa.ProjectTemplates\content\Angular-CSharp\AngularSpa.csproj", "{A2014C17-4089-401A-99E0-D23683E31DE5}"
EndProject
Project("{FAE04EC0-301F-11D3-BF4B-00C04F79EFBC}") = "ReactSpa", "src\Microsoft.DotNet.Web.Spa.ProjectTemplates\content\React-CSharp\ReactSpa.csproj", "{C54AA29B-52DA-4C9B-8388-DF74FAA175AB}"
EndProject
Project("{FAE04EC0-301F-11D3-BF4B-00C04F79EFBC}") = "ReactReduxSpa", "src\Microsoft.DotNet.Web.Spa.ProjectTemplates\content\ReactRedux-CSharp\ReactReduxSpa.csproj", "{101AE90C-03F3-4892-B7D1-7A1040DC1D6C}"
EndProject
Global
	GlobalSection(SolutionConfigurationPlatforms) = preSolution
		Debug|Any CPU = Debug|Any CPU
		Debug|x64 = Debug|x64
		Debug|x86 = Debug|x86
		Release|Any CPU = Release|Any CPU
		Release|x64 = Release|x64
		Release|x86 = Release|x86
	EndGlobalSection
	GlobalSection(ProjectConfigurationPlatforms) = postSolution
		{3E334A45-28C4-4FFE-AA75-ED32D7BED335}.Debug|Any CPU.ActiveCfg = Debug|Any CPU
		{3E334A45-28C4-4FFE-AA75-ED32D7BED335}.Debug|Any CPU.Build.0 = Debug|Any CPU
		{3E334A45-28C4-4FFE-AA75-ED32D7BED335}.Debug|x64.ActiveCfg = Debug|Any CPU
		{3E334A45-28C4-4FFE-AA75-ED32D7BED335}.Debug|x64.Build.0 = Debug|Any CPU
		{3E334A45-28C4-4FFE-AA75-ED32D7BED335}.Debug|x86.ActiveCfg = Debug|Any CPU
		{3E334A45-28C4-4FFE-AA75-ED32D7BED335}.Debug|x86.Build.0 = Debug|Any CPU
		{3E334A45-28C4-4FFE-AA75-ED32D7BED335}.Release|Any CPU.ActiveCfg = Release|Any CPU
		{3E334A45-28C4-4FFE-AA75-ED32D7BED335}.Release|Any CPU.Build.0 = Release|Any CPU
		{3E334A45-28C4-4FFE-AA75-ED32D7BED335}.Release|x64.ActiveCfg = Release|Any CPU
		{3E334A45-28C4-4FFE-AA75-ED32D7BED335}.Release|x64.Build.0 = Release|Any CPU
		{3E334A45-28C4-4FFE-AA75-ED32D7BED335}.Release|x86.ActiveCfg = Release|Any CPU
		{3E334A45-28C4-4FFE-AA75-ED32D7BED335}.Release|x86.Build.0 = Release|Any CPU
		{139542F9-DEE0-4968-BFB3-E0130257174D}.Debug|Any CPU.ActiveCfg = Debug|Any CPU
		{139542F9-DEE0-4968-BFB3-E0130257174D}.Debug|Any CPU.Build.0 = Debug|Any CPU
		{139542F9-DEE0-4968-BFB3-E0130257174D}.Debug|x64.ActiveCfg = Debug|Any CPU
		{139542F9-DEE0-4968-BFB3-E0130257174D}.Debug|x64.Build.0 = Debug|Any CPU
		{139542F9-DEE0-4968-BFB3-E0130257174D}.Debug|x86.ActiveCfg = Debug|Any CPU
		{139542F9-DEE0-4968-BFB3-E0130257174D}.Debug|x86.Build.0 = Debug|Any CPU
		{139542F9-DEE0-4968-BFB3-E0130257174D}.Release|Any CPU.ActiveCfg = Release|Any CPU
		{139542F9-DEE0-4968-BFB3-E0130257174D}.Release|Any CPU.Build.0 = Release|Any CPU
		{139542F9-DEE0-4968-BFB3-E0130257174D}.Release|x64.ActiveCfg = Release|Any CPU
		{139542F9-DEE0-4968-BFB3-E0130257174D}.Release|x64.Build.0 = Release|Any CPU
		{139542F9-DEE0-4968-BFB3-E0130257174D}.Release|x86.ActiveCfg = Release|Any CPU
		{139542F9-DEE0-4968-BFB3-E0130257174D}.Release|x86.Build.0 = Release|Any CPU
		{CDC332BF-12B5-4087-93E9-687918324386}.Debug|Any CPU.ActiveCfg = Debug|Any CPU
		{CDC332BF-12B5-4087-93E9-687918324386}.Debug|Any CPU.Build.0 = Debug|Any CPU
		{CDC332BF-12B5-4087-93E9-687918324386}.Debug|x64.ActiveCfg = Debug|Any CPU
		{CDC332BF-12B5-4087-93E9-687918324386}.Debug|x64.Build.0 = Debug|Any CPU
		{CDC332BF-12B5-4087-93E9-687918324386}.Debug|x86.ActiveCfg = Debug|Any CPU
		{CDC332BF-12B5-4087-93E9-687918324386}.Debug|x86.Build.0 = Debug|Any CPU
		{CDC332BF-12B5-4087-93E9-687918324386}.Release|Any CPU.ActiveCfg = Release|Any CPU
		{CDC332BF-12B5-4087-93E9-687918324386}.Release|Any CPU.Build.0 = Release|Any CPU
		{CDC332BF-12B5-4087-93E9-687918324386}.Release|x64.ActiveCfg = Release|Any CPU
		{CDC332BF-12B5-4087-93E9-687918324386}.Release|x64.Build.0 = Release|Any CPU
		{CDC332BF-12B5-4087-93E9-687918324386}.Release|x86.ActiveCfg = Release|Any CPU
		{CDC332BF-12B5-4087-93E9-687918324386}.Release|x86.Build.0 = Release|Any CPU
		{4AFF0F94-1FD2-470F-B4EE-69377FA3157B}.Debug|Any CPU.ActiveCfg = Debug|Any CPU
		{4AFF0F94-1FD2-470F-B4EE-69377FA3157B}.Debug|Any CPU.Build.0 = Debug|Any CPU
		{4AFF0F94-1FD2-470F-B4EE-69377FA3157B}.Debug|x64.ActiveCfg = Debug|Any CPU
		{4AFF0F94-1FD2-470F-B4EE-69377FA3157B}.Debug|x64.Build.0 = Debug|Any CPU
		{4AFF0F94-1FD2-470F-B4EE-69377FA3157B}.Debug|x86.ActiveCfg = Debug|Any CPU
		{4AFF0F94-1FD2-470F-B4EE-69377FA3157B}.Debug|x86.Build.0 = Debug|Any CPU
		{4AFF0F94-1FD2-470F-B4EE-69377FA3157B}.Release|Any CPU.ActiveCfg = Release|Any CPU
		{4AFF0F94-1FD2-470F-B4EE-69377FA3157B}.Release|Any CPU.Build.0 = Release|Any CPU
		{4AFF0F94-1FD2-470F-B4EE-69377FA3157B}.Release|x64.ActiveCfg = Release|Any CPU
		{4AFF0F94-1FD2-470F-B4EE-69377FA3157B}.Release|x64.Build.0 = Release|Any CPU
		{4AFF0F94-1FD2-470F-B4EE-69377FA3157B}.Release|x86.ActiveCfg = Release|Any CPU
		{4AFF0F94-1FD2-470F-B4EE-69377FA3157B}.Release|x86.Build.0 = Release|Any CPU
		{5FECB5DB-30FF-4987-81A1-5AF9D1498B12}.Debug|Any CPU.ActiveCfg = Debug|Any CPU
		{5FECB5DB-30FF-4987-81A1-5AF9D1498B12}.Debug|Any CPU.Build.0 = Debug|Any CPU
		{5FECB5DB-30FF-4987-81A1-5AF9D1498B12}.Debug|x64.ActiveCfg = Debug|Any CPU
		{5FECB5DB-30FF-4987-81A1-5AF9D1498B12}.Debug|x64.Build.0 = Debug|Any CPU
		{5FECB5DB-30FF-4987-81A1-5AF9D1498B12}.Debug|x86.ActiveCfg = Debug|Any CPU
		{5FECB5DB-30FF-4987-81A1-5AF9D1498B12}.Debug|x86.Build.0 = Debug|Any CPU
		{5FECB5DB-30FF-4987-81A1-5AF9D1498B12}.Release|Any CPU.ActiveCfg = Release|Any CPU
		{5FECB5DB-30FF-4987-81A1-5AF9D1498B12}.Release|Any CPU.Build.0 = Release|Any CPU
		{5FECB5DB-30FF-4987-81A1-5AF9D1498B12}.Release|x64.ActiveCfg = Release|Any CPU
		{5FECB5DB-30FF-4987-81A1-5AF9D1498B12}.Release|x64.Build.0 = Release|Any CPU
		{5FECB5DB-30FF-4987-81A1-5AF9D1498B12}.Release|x86.ActiveCfg = Release|Any CPU
		{5FECB5DB-30FF-4987-81A1-5AF9D1498B12}.Release|x86.Build.0 = Release|Any CPU
		{30C34263-C0A6-4748-BBA8-13E00549AD9A}.Debug|Any CPU.ActiveCfg = Debug|Any CPU
		{30C34263-C0A6-4748-BBA8-13E00549AD9A}.Debug|Any CPU.Build.0 = Debug|Any CPU
		{30C34263-C0A6-4748-BBA8-13E00549AD9A}.Debug|x64.ActiveCfg = Debug|Any CPU
		{30C34263-C0A6-4748-BBA8-13E00549AD9A}.Debug|x64.Build.0 = Debug|Any CPU
		{30C34263-C0A6-4748-BBA8-13E00549AD9A}.Debug|x86.ActiveCfg = Debug|Any CPU
		{30C34263-C0A6-4748-BBA8-13E00549AD9A}.Debug|x86.Build.0 = Debug|Any CPU
		{30C34263-C0A6-4748-BBA8-13E00549AD9A}.Release|Any CPU.ActiveCfg = Release|Any CPU
		{30C34263-C0A6-4748-BBA8-13E00549AD9A}.Release|Any CPU.Build.0 = Release|Any CPU
		{30C34263-C0A6-4748-BBA8-13E00549AD9A}.Release|x64.ActiveCfg = Release|Any CPU
		{30C34263-C0A6-4748-BBA8-13E00549AD9A}.Release|x64.Build.0 = Release|Any CPU
		{30C34263-C0A6-4748-BBA8-13E00549AD9A}.Release|x86.ActiveCfg = Release|Any CPU
		{30C34263-C0A6-4748-BBA8-13E00549AD9A}.Release|x86.Build.0 = Release|Any CPU
		{5D90DED7-161B-4868-AA3F-86C4BCD9A464}.Debug|Any CPU.ActiveCfg = Debug|Any CPU
		{5D90DED7-161B-4868-AA3F-86C4BCD9A464}.Debug|Any CPU.Build.0 = Debug|Any CPU
		{5D90DED7-161B-4868-AA3F-86C4BCD9A464}.Debug|x64.ActiveCfg = Debug|x64
		{5D90DED7-161B-4868-AA3F-86C4BCD9A464}.Debug|x64.Build.0 = Debug|x64
		{5D90DED7-161B-4868-AA3F-86C4BCD9A464}.Debug|x86.ActiveCfg = Debug|x86
		{5D90DED7-161B-4868-AA3F-86C4BCD9A464}.Debug|x86.Build.0 = Debug|x86
		{5D90DED7-161B-4868-AA3F-86C4BCD9A464}.Release|Any CPU.ActiveCfg = Release|Any CPU
		{5D90DED7-161B-4868-AA3F-86C4BCD9A464}.Release|Any CPU.Build.0 = Release|Any CPU
		{5D90DED7-161B-4868-AA3F-86C4BCD9A464}.Release|x64.ActiveCfg = Release|x64
		{5D90DED7-161B-4868-AA3F-86C4BCD9A464}.Release|x64.Build.0 = Release|x64
		{5D90DED7-161B-4868-AA3F-86C4BCD9A464}.Release|x86.ActiveCfg = Release|x86
		{5D90DED7-161B-4868-AA3F-86C4BCD9A464}.Release|x86.Build.0 = Release|x86
		{14BED182-D184-4EB7-A50B-BDBC281DDBCB}.Debug|Any CPU.ActiveCfg = Debug|Any CPU
		{14BED182-D184-4EB7-A50B-BDBC281DDBCB}.Debug|Any CPU.Build.0 = Debug|Any CPU
		{14BED182-D184-4EB7-A50B-BDBC281DDBCB}.Debug|x64.ActiveCfg = Debug|x64
		{14BED182-D184-4EB7-A50B-BDBC281DDBCB}.Debug|x64.Build.0 = Debug|x64
		{14BED182-D184-4EB7-A50B-BDBC281DDBCB}.Debug|x86.ActiveCfg = Debug|x86
		{14BED182-D184-4EB7-A50B-BDBC281DDBCB}.Debug|x86.Build.0 = Debug|x86
		{14BED182-D184-4EB7-A50B-BDBC281DDBCB}.Release|Any CPU.ActiveCfg = Release|Any CPU
		{14BED182-D184-4EB7-A50B-BDBC281DDBCB}.Release|Any CPU.Build.0 = Release|Any CPU
		{14BED182-D184-4EB7-A50B-BDBC281DDBCB}.Release|x64.ActiveCfg = Release|x64
		{14BED182-D184-4EB7-A50B-BDBC281DDBCB}.Release|x64.Build.0 = Release|x64
		{14BED182-D184-4EB7-A50B-BDBC281DDBCB}.Release|x86.ActiveCfg = Release|x86
		{14BED182-D184-4EB7-A50B-BDBC281DDBCB}.Release|x86.Build.0 = Release|x86
		{055C6573-65A9-4EE7-9B59-134E6EFD0622}.Debug|Any CPU.ActiveCfg = Debug|Any CPU
		{055C6573-65A9-4EE7-9B59-134E6EFD0622}.Debug|Any CPU.Build.0 = Debug|Any CPU
		{055C6573-65A9-4EE7-9B59-134E6EFD0622}.Debug|x64.ActiveCfg = Debug|x64
		{055C6573-65A9-4EE7-9B59-134E6EFD0622}.Debug|x64.Build.0 = Debug|x64
		{055C6573-65A9-4EE7-9B59-134E6EFD0622}.Debug|x86.ActiveCfg = Debug|x86
		{055C6573-65A9-4EE7-9B59-134E6EFD0622}.Debug|x86.Build.0 = Debug|x86
		{055C6573-65A9-4EE7-9B59-134E6EFD0622}.Release|Any CPU.ActiveCfg = Release|Any CPU
		{055C6573-65A9-4EE7-9B59-134E6EFD0622}.Release|Any CPU.Build.0 = Release|Any CPU
		{055C6573-65A9-4EE7-9B59-134E6EFD0622}.Release|x64.ActiveCfg = Release|x64
		{055C6573-65A9-4EE7-9B59-134E6EFD0622}.Release|x64.Build.0 = Release|x64
		{055C6573-65A9-4EE7-9B59-134E6EFD0622}.Release|x86.ActiveCfg = Release|x86
		{055C6573-65A9-4EE7-9B59-134E6EFD0622}.Release|x86.Build.0 = Release|x86
		{E1084580-178A-4D0F-8D9D-F1C3DEA2E89E}.Debug|Any CPU.ActiveCfg = Debug|Any CPU
		{E1084580-178A-4D0F-8D9D-F1C3DEA2E89E}.Debug|Any CPU.Build.0 = Debug|Any CPU
		{E1084580-178A-4D0F-8D9D-F1C3DEA2E89E}.Debug|x64.ActiveCfg = Debug|x64
		{E1084580-178A-4D0F-8D9D-F1C3DEA2E89E}.Debug|x64.Build.0 = Debug|x64
		{E1084580-178A-4D0F-8D9D-F1C3DEA2E89E}.Debug|x86.ActiveCfg = Debug|x86
		{E1084580-178A-4D0F-8D9D-F1C3DEA2E89E}.Debug|x86.Build.0 = Debug|x86
		{E1084580-178A-4D0F-8D9D-F1C3DEA2E89E}.Release|Any CPU.ActiveCfg = Release|Any CPU
		{E1084580-178A-4D0F-8D9D-F1C3DEA2E89E}.Release|Any CPU.Build.0 = Release|Any CPU
		{E1084580-178A-4D0F-8D9D-F1C3DEA2E89E}.Release|x64.ActiveCfg = Release|x64
		{E1084580-178A-4D0F-8D9D-F1C3DEA2E89E}.Release|x64.Build.0 = Release|x64
		{E1084580-178A-4D0F-8D9D-F1C3DEA2E89E}.Release|x86.ActiveCfg = Release|x86
		{E1084580-178A-4D0F-8D9D-F1C3DEA2E89E}.Release|x86.Build.0 = Release|x86
		{F875331F-7B37-456E-9106-A40D3A662E42}.Debug|Any CPU.ActiveCfg = Debug|Any CPU
		{F875331F-7B37-456E-9106-A40D3A662E42}.Debug|Any CPU.Build.0 = Debug|Any CPU
		{F875331F-7B37-456E-9106-A40D3A662E42}.Debug|x64.ActiveCfg = Debug|x64
		{F875331F-7B37-456E-9106-A40D3A662E42}.Debug|x64.Build.0 = Debug|x64
		{F875331F-7B37-456E-9106-A40D3A662E42}.Debug|x86.ActiveCfg = Debug|x86
		{F875331F-7B37-456E-9106-A40D3A662E42}.Debug|x86.Build.0 = Debug|x86
		{F875331F-7B37-456E-9106-A40D3A662E42}.Release|Any CPU.ActiveCfg = Release|Any CPU
		{F875331F-7B37-456E-9106-A40D3A662E42}.Release|Any CPU.Build.0 = Release|Any CPU
		{F875331F-7B37-456E-9106-A40D3A662E42}.Release|x64.ActiveCfg = Release|x64
		{F875331F-7B37-456E-9106-A40D3A662E42}.Release|x64.Build.0 = Release|x64
		{F875331F-7B37-456E-9106-A40D3A662E42}.Release|x86.ActiveCfg = Release|x86
		{F875331F-7B37-456E-9106-A40D3A662E42}.Release|x86.Build.0 = Release|x86
		{1C667382-9097-435D-8F64-AAA29D4EECD9}.Debug|Any CPU.ActiveCfg = Debug|Any CPU
		{1C667382-9097-435D-8F64-AAA29D4EECD9}.Debug|Any CPU.Build.0 = Debug|Any CPU
		{1C667382-9097-435D-8F64-AAA29D4EECD9}.Debug|x64.ActiveCfg = Debug|x64
		{1C667382-9097-435D-8F64-AAA29D4EECD9}.Debug|x64.Build.0 = Debug|x64
		{1C667382-9097-435D-8F64-AAA29D4EECD9}.Debug|x86.ActiveCfg = Debug|x86
		{1C667382-9097-435D-8F64-AAA29D4EECD9}.Debug|x86.Build.0 = Debug|x86
		{1C667382-9097-435D-8F64-AAA29D4EECD9}.Release|Any CPU.ActiveCfg = Release|Any CPU
		{1C667382-9097-435D-8F64-AAA29D4EECD9}.Release|Any CPU.Build.0 = Release|Any CPU
		{1C667382-9097-435D-8F64-AAA29D4EECD9}.Release|x64.ActiveCfg = Release|x64
		{1C667382-9097-435D-8F64-AAA29D4EECD9}.Release|x64.Build.0 = Release|x64
		{1C667382-9097-435D-8F64-AAA29D4EECD9}.Release|x86.ActiveCfg = Release|x86
		{1C667382-9097-435D-8F64-AAA29D4EECD9}.Release|x86.Build.0 = Release|x86
		{7BC09718-F5E2-46EC-8C26-758306BF0E24}.Debug|Any CPU.ActiveCfg = Debug|Any CPU
		{7BC09718-F5E2-46EC-8C26-758306BF0E24}.Debug|Any CPU.Build.0 = Debug|Any CPU
		{7BC09718-F5E2-46EC-8C26-758306BF0E24}.Debug|x64.ActiveCfg = Debug|x64
		{7BC09718-F5E2-46EC-8C26-758306BF0E24}.Debug|x64.Build.0 = Debug|x64
		{7BC09718-F5E2-46EC-8C26-758306BF0E24}.Debug|x86.ActiveCfg = Debug|x86
		{7BC09718-F5E2-46EC-8C26-758306BF0E24}.Debug|x86.Build.0 = Debug|x86
		{7BC09718-F5E2-46EC-8C26-758306BF0E24}.Release|Any CPU.ActiveCfg = Release|Any CPU
		{7BC09718-F5E2-46EC-8C26-758306BF0E24}.Release|Any CPU.Build.0 = Release|Any CPU
		{7BC09718-F5E2-46EC-8C26-758306BF0E24}.Release|x64.ActiveCfg = Release|x64
		{7BC09718-F5E2-46EC-8C26-758306BF0E24}.Release|x64.Build.0 = Release|x64
		{7BC09718-F5E2-46EC-8C26-758306BF0E24}.Release|x86.ActiveCfg = Release|x86
		{7BC09718-F5E2-46EC-8C26-758306BF0E24}.Release|x86.Build.0 = Release|x86
		{ADADFBF8-1996-482C-83B3-8FE7A5BAFCF1}.Debug|Any CPU.ActiveCfg = Debug|Any CPU
		{ADADFBF8-1996-482C-83B3-8FE7A5BAFCF1}.Debug|Any CPU.Build.0 = Debug|Any CPU
		{ADADFBF8-1996-482C-83B3-8FE7A5BAFCF1}.Debug|x64.ActiveCfg = Debug|x64
		{ADADFBF8-1996-482C-83B3-8FE7A5BAFCF1}.Debug|x64.Build.0 = Debug|x64
		{ADADFBF8-1996-482C-83B3-8FE7A5BAFCF1}.Debug|x86.ActiveCfg = Debug|x86
		{ADADFBF8-1996-482C-83B3-8FE7A5BAFCF1}.Debug|x86.Build.0 = Debug|x86
		{ADADFBF8-1996-482C-83B3-8FE7A5BAFCF1}.Release|Any CPU.ActiveCfg = Release|Any CPU
		{ADADFBF8-1996-482C-83B3-8FE7A5BAFCF1}.Release|Any CPU.Build.0 = Release|Any CPU
		{ADADFBF8-1996-482C-83B3-8FE7A5BAFCF1}.Release|x64.ActiveCfg = Release|x64
		{ADADFBF8-1996-482C-83B3-8FE7A5BAFCF1}.Release|x64.Build.0 = Release|x64
		{ADADFBF8-1996-482C-83B3-8FE7A5BAFCF1}.Release|x86.ActiveCfg = Release|x86
		{ADADFBF8-1996-482C-83B3-8FE7A5BAFCF1}.Release|x86.Build.0 = Release|x86
		{72CA4224-0338-412A-8437-4ADEFC4D466B}.Debug|Any CPU.ActiveCfg = Debug|Any CPU
		{72CA4224-0338-412A-8437-4ADEFC4D466B}.Debug|Any CPU.Build.0 = Debug|Any CPU
		{72CA4224-0338-412A-8437-4ADEFC4D466B}.Debug|x64.ActiveCfg = Debug|x64
		{72CA4224-0338-412A-8437-4ADEFC4D466B}.Debug|x64.Build.0 = Debug|x64
		{72CA4224-0338-412A-8437-4ADEFC4D466B}.Debug|x86.ActiveCfg = Debug|x86
		{72CA4224-0338-412A-8437-4ADEFC4D466B}.Debug|x86.Build.0 = Debug|x86
		{72CA4224-0338-412A-8437-4ADEFC4D466B}.Release|Any CPU.ActiveCfg = Release|Any CPU
		{72CA4224-0338-412A-8437-4ADEFC4D466B}.Release|Any CPU.Build.0 = Release|Any CPU
		{72CA4224-0338-412A-8437-4ADEFC4D466B}.Release|x64.ActiveCfg = Release|x64
		{72CA4224-0338-412A-8437-4ADEFC4D466B}.Release|x64.Build.0 = Release|x64
		{72CA4224-0338-412A-8437-4ADEFC4D466B}.Release|x86.ActiveCfg = Release|x86
		{72CA4224-0338-412A-8437-4ADEFC4D466B}.Release|x86.Build.0 = Release|x86
		{A443F6E1-3266-47AD-893D-2091203C9DEB}.Debug|Any CPU.ActiveCfg = Debug|Any CPU
		{A443F6E1-3266-47AD-893D-2091203C9DEB}.Debug|Any CPU.Build.0 = Debug|Any CPU
		{A443F6E1-3266-47AD-893D-2091203C9DEB}.Debug|x64.ActiveCfg = Debug|x64
		{A443F6E1-3266-47AD-893D-2091203C9DEB}.Debug|x64.Build.0 = Debug|x64
		{A443F6E1-3266-47AD-893D-2091203C9DEB}.Debug|x86.ActiveCfg = Debug|x86
		{A443F6E1-3266-47AD-893D-2091203C9DEB}.Debug|x86.Build.0 = Debug|x86
		{A443F6E1-3266-47AD-893D-2091203C9DEB}.Release|Any CPU.ActiveCfg = Release|Any CPU
		{A443F6E1-3266-47AD-893D-2091203C9DEB}.Release|Any CPU.Build.0 = Release|Any CPU
		{A443F6E1-3266-47AD-893D-2091203C9DEB}.Release|x64.ActiveCfg = Release|x64
		{A443F6E1-3266-47AD-893D-2091203C9DEB}.Release|x64.Build.0 = Release|x64
		{A443F6E1-3266-47AD-893D-2091203C9DEB}.Release|x86.ActiveCfg = Release|x86
		{A443F6E1-3266-47AD-893D-2091203C9DEB}.Release|x86.Build.0 = Release|x86
		{A2014C17-4089-401A-99E0-D23683E31DE5}.Debug|Any CPU.ActiveCfg = Debug|Any CPU
		{A2014C17-4089-401A-99E0-D23683E31DE5}.Debug|Any CPU.Build.0 = Debug|Any CPU
		{A2014C17-4089-401A-99E0-D23683E31DE5}.Debug|x64.ActiveCfg = Debug|x64
		{A2014C17-4089-401A-99E0-D23683E31DE5}.Debug|x64.Build.0 = Debug|x64
		{A2014C17-4089-401A-99E0-D23683E31DE5}.Debug|x86.ActiveCfg = Debug|x86
		{A2014C17-4089-401A-99E0-D23683E31DE5}.Debug|x86.Build.0 = Debug|x86
		{A2014C17-4089-401A-99E0-D23683E31DE5}.Release|Any CPU.ActiveCfg = Release|Any CPU
		{A2014C17-4089-401A-99E0-D23683E31DE5}.Release|Any CPU.Build.0 = Release|Any CPU
		{A2014C17-4089-401A-99E0-D23683E31DE5}.Release|x64.ActiveCfg = Release|x64
		{A2014C17-4089-401A-99E0-D23683E31DE5}.Release|x64.Build.0 = Release|x64
		{A2014C17-4089-401A-99E0-D23683E31DE5}.Release|x86.ActiveCfg = Release|x86
		{A2014C17-4089-401A-99E0-D23683E31DE5}.Release|x86.Build.0 = Release|x86
		{C54AA29B-52DA-4C9B-8388-DF74FAA175AB}.Debug|Any CPU.ActiveCfg = Debug|Any CPU
		{C54AA29B-52DA-4C9B-8388-DF74FAA175AB}.Debug|Any CPU.Build.0 = Debug|Any CPU
		{C54AA29B-52DA-4C9B-8388-DF74FAA175AB}.Debug|x64.ActiveCfg = Debug|x64
		{C54AA29B-52DA-4C9B-8388-DF74FAA175AB}.Debug|x64.Build.0 = Debug|x64
		{C54AA29B-52DA-4C9B-8388-DF74FAA175AB}.Debug|x86.ActiveCfg = Debug|x86
		{C54AA29B-52DA-4C9B-8388-DF74FAA175AB}.Debug|x86.Build.0 = Debug|x86
		{C54AA29B-52DA-4C9B-8388-DF74FAA175AB}.Release|Any CPU.ActiveCfg = Release|Any CPU
		{C54AA29B-52DA-4C9B-8388-DF74FAA175AB}.Release|Any CPU.Build.0 = Release|Any CPU
		{C54AA29B-52DA-4C9B-8388-DF74FAA175AB}.Release|x64.ActiveCfg = Release|x64
		{C54AA29B-52DA-4C9B-8388-DF74FAA175AB}.Release|x64.Build.0 = Release|x64
		{C54AA29B-52DA-4C9B-8388-DF74FAA175AB}.Release|x86.ActiveCfg = Release|x86
		{C54AA29B-52DA-4C9B-8388-DF74FAA175AB}.Release|x86.Build.0 = Release|x86
		{101AE90C-03F3-4892-B7D1-7A1040DC1D6C}.Debug|Any CPU.ActiveCfg = Debug|Any CPU
		{101AE90C-03F3-4892-B7D1-7A1040DC1D6C}.Debug|Any CPU.Build.0 = Debug|Any CPU
		{101AE90C-03F3-4892-B7D1-7A1040DC1D6C}.Debug|x64.ActiveCfg = Debug|x64
		{101AE90C-03F3-4892-B7D1-7A1040DC1D6C}.Debug|x64.Build.0 = Debug|x64
		{101AE90C-03F3-4892-B7D1-7A1040DC1D6C}.Debug|x86.ActiveCfg = Debug|x86
		{101AE90C-03F3-4892-B7D1-7A1040DC1D6C}.Debug|x86.Build.0 = Debug|x86
		{101AE90C-03F3-4892-B7D1-7A1040DC1D6C}.Release|Any CPU.ActiveCfg = Release|Any CPU
		{101AE90C-03F3-4892-B7D1-7A1040DC1D6C}.Release|Any CPU.Build.0 = Release|Any CPU
		{101AE90C-03F3-4892-B7D1-7A1040DC1D6C}.Release|x64.ActiveCfg = Release|x64
		{101AE90C-03F3-4892-B7D1-7A1040DC1D6C}.Release|x64.Build.0 = Release|x64
		{101AE90C-03F3-4892-B7D1-7A1040DC1D6C}.Release|x86.ActiveCfg = Release|x86
		{101AE90C-03F3-4892-B7D1-7A1040DC1D6C}.Release|x86.Build.0 = Release|x86
	EndGlobalSection
	GlobalSection(SolutionProperties) = preSolution
		HideSolutionNode = FALSE
	EndGlobalSection
	GlobalSection(NestedProjects) = preSolution
		{5C485B98-E57D-4F1D-9D25-F17777296F48} = {C0D0BC9F-0F15-40B0-AB48-AD91FDFCE9CD}
		{E4C6A84E-9EF9-4C7F-AF47-E511C570B28F} = {5C485B98-E57D-4F1D-9D25-F17777296F48}
		{3E334A45-28C4-4FFE-AA75-ED32D7BED335} = {E4C6A84E-9EF9-4C7F-AF47-E511C570B28F}
		{139542F9-DEE0-4968-BFB3-E0130257174D} = {E4C6A84E-9EF9-4C7F-AF47-E511C570B28F}
		{CDC332BF-12B5-4087-93E9-687918324386} = {E4C6A84E-9EF9-4C7F-AF47-E511C570B28F}
		{D384F054-1830-407C-BFBB-242DBCB6907F} = {C0D0BC9F-0F15-40B0-AB48-AD91FDFCE9CD}
		{CABA8A16-ABA9-4823-A976-987256527072} = {D384F054-1830-407C-BFBB-242DBCB6907F}
		{4AFF0F94-1FD2-470F-B4EE-69377FA3157B} = {CABA8A16-ABA9-4823-A976-987256527072}
		{5FECB5DB-30FF-4987-81A1-5AF9D1498B12} = {CABA8A16-ABA9-4823-A976-987256527072}
		{30C34263-C0A6-4748-BBA8-13E00549AD9A} = {CABA8A16-ABA9-4823-A976-987256527072}
		{B5DE9B6E-1D36-4F4D-B688-0608DCFA5304} = {C0D0BC9F-0F15-40B0-AB48-AD91FDFCE9CD}
		{1165550F-D3FE-4A89-AE9B-110916C9386B} = {B5DE9B6E-1D36-4F4D-B688-0608DCFA5304}
		{5D90DED7-161B-4868-AA3F-86C4BCD9A464} = {1165550F-D3FE-4A89-AE9B-110916C9386B}
		{14BED182-D184-4EB7-A50B-BDBC281DDBCB} = {1165550F-D3FE-4A89-AE9B-110916C9386B}
		{055C6573-65A9-4EE7-9B59-134E6EFD0622} = {1165550F-D3FE-4A89-AE9B-110916C9386B}
		{E1084580-178A-4D0F-8D9D-F1C3DEA2E89E} = {E4C6A84E-9EF9-4C7F-AF47-E511C570B28F}
		{F875331F-7B37-456E-9106-A40D3A662E42} = {E4C6A84E-9EF9-4C7F-AF47-E511C570B28F}
		{1C667382-9097-435D-8F64-AAA29D4EECD9} = {E4C6A84E-9EF9-4C7F-AF47-E511C570B28F}
		{7BC09718-F5E2-46EC-8C26-758306BF0E24} = {CABA8A16-ABA9-4823-A976-987256527072}
		{ADADFBF8-1996-482C-83B3-8FE7A5BAFCF1} = {CABA8A16-ABA9-4823-A976-987256527072}
		{72CA4224-0338-412A-8437-4ADEFC4D466B} = {CABA8A16-ABA9-4823-A976-987256527072}
		{A443F6E1-3266-47AD-893D-2091203C9DEB} = {CABA8A16-ABA9-4823-A976-987256527072}
		{579B335A-920E-4C9E-ACC8-65844884F63A} = {C0D0BC9F-0F15-40B0-AB48-AD91FDFCE9CD}
		{77405A1A-9959-4EFC-AA95-248C66265022} = {579B335A-920E-4C9E-ACC8-65844884F63A}
		{A2014C17-4089-401A-99E0-D23683E31DE5} = {77405A1A-9959-4EFC-AA95-248C66265022}
		{C54AA29B-52DA-4C9B-8388-DF74FAA175AB} = {77405A1A-9959-4EFC-AA95-248C66265022}
		{101AE90C-03F3-4892-B7D1-7A1040DC1D6C} = {77405A1A-9959-4EFC-AA95-248C66265022}
	EndGlobalSection
	GlobalSection(ExtensibilityGlobals) = postSolution
		SolutionGuid = {5BAD7CE3-91B0-4840-B73B-84AF299CA17D}
	EndGlobalSection
EndGlobal
